github.com/stripe/stripe-go v70.15.0+incompatible h1:hNML7M1zx8RgtepEMlxyu/FpVPrP7KZm1gPFQquJQvM=
github.com/stripe/stripe-go v70.15.0+incompatible/go.mod h1:A1dQZmO/QypXmsL0T8axYZkSN/uA/T/A64pfKdBAMiY=
github.com/stripe/stripe-go/v82 v82.2.1 h1:kXytHogrwTin+zT8R+3p0LG9cLkfLHoIlSfTufBRPqg=
github.com/stripe/stripe-go/v82 v82.2.1/go.mod h1:majCQX6AfObAvJiHraPi/5udwHi4ojRvJnnxckvHrX8=
